// !$*UTF8*$!
{
	archiveVersion = 1;
	classes = {
	};
	objectVersion = 46;
	objects = {

/* Begin PBXBuildFile section */
		F3C416D31B147D430026377A /* main.m in Sources */ = {isa = PBXBuildFile; fileRef = F3C416D21B147D430026377A /* main.m */; };
		F3C416D61B147D430026377A /* AppDelegate.m in Sources */ = {isa = PBXBuildFile; fileRef = F3C416D51B147D430026377A /* AppDelegate.m */; };
		F3C416D91B147D430026377A /* ViewController.m in Sources */ = {isa = PBXBuildFile; fileRef = F3C416D81B147D430026377A /* ViewController.m */; };
		F3C416DC1B147D430026377A /* Main.storyboard in Resources */ = {isa = PBXBuildFile; fileRef = F3C416DA1B147D430026377A /* Main.storyboard */; };
		F3C416DE1B147D430026377A /* Images.xcassets in Resources */ = {isa = PBXBuildFile; fileRef = F3C416DD1B147D430026377A /* Images.xcassets */; };
		F3C416E11B147D430026377A /* LaunchScreen.xib in Resources */ = {isa = PBXBuildFile; fileRef = F3C416DF1B147D430026377A /* LaunchScreen.xib */; };
		F3C416ED1B147D430026377A /* getImagesTests.m in Sources */ = {isa = PBXBuildFile; fileRef = F3C416EC1B147D430026377A /* getImagesTests.m */; };
/* End PBXBuildFile section */

/* Begin PBXContainerItemProxy section */
		F3C416E71B147D430026377A /* PBXContainerItemProxy */ = {
			isa = PBXContainerItemProxy;
			containerPortal = F3C416C51B147D430026377A /* Project object */;
			proxyType = 1;
			remoteGlobalIDString = F3C416CC1B147D430026377A;
			remoteInfo = getImages;
		};
/* End PBXContainerItemProxy section */

/* Begin PBXFileReference section */
		F3C416CD1B147D430026377A /* getImages.app */ = {isa = PBXFileReference; explicitFileType = wrapper.application; includeInIndex = 0; path = getImages.app; sourceTree = BUILT_PRODUCTS_DIR; };
		F3C416D11B147D430026377A /* Info.plist */ = {isa = PBXFileReference; lastKnownFileType = text.plist.xml; path = Info.plist; sourceTree = "<group>"; };
		F3C416D21B147D430026377A /* main.m */ = {isa = PBXFileReference; lastKnownFileType = sourcecode.c.objc; path = main.m; sourceTree = "<group>"; };
		F3C416D41B147D430026377A /* AppDelegate.h */ = {isa = PBXFileReference; lastKnownFileType = sourcecode.c.h; path = AppDelegate.h; sourceTree = "<group>"; };
		F3C416D51B147D430026377A /* AppDelegate.m */ = {isa = PBXFileReference; lastKnownFileType = sourcecode.c.objc; path = AppDelegate.m; sourceTree = "<group>"; };
		F3C416D71B147D430026377A /* ViewController.h */ = {isa = PBXFileReference; lastKnownFileType = sourcecode.c.h; path = ViewController.h; sourceTree = "<group>"; };
		F3C416D81B147D430026377A /* ViewController.m */ = {isa = PBXFileReference; lastKnownFileType = sourcecode.c.objc; path = ViewController.m; sourceTree = "<group>"; };
		F3C416DB1B147D430026377A /* Base */ = {isa = PBXFileReference; lastKnownFileType = file.storyboard; name = Base; path = Base.lproj/Main.storyboard; sourceTree = "<group>"; };
		F3C416DD1B147D430026377A /* Images.xcassets */ = {isa = PBXFileReference; lastKnownFileType = folder.assetcatalog; path = Images.xcassets; sourceTree = "<group>"; };
		F3C416E01B147D430026377A /* Base */ = {isa = PBXFileReference; lastKnownFileType = file.xib; name = Base; path = Base.lproj/LaunchScreen.xib; sourceTree = "<group>"; };
		F3C416E61B147D430026377A /* getImagesTests.xctest */ = {isa = PBXFileReference; explicitFileType = wrapper.cfbundle; includeInIndex = 0; path = getImagesTests.xctest; sourceTree = BUILT_PRODUCTS_DIR; };
		F3C416EB1B147D430026377A /* Info.plist */ = {isa = PBXFileReference; lastKnownFileType = text.plist.xml; path = Info.plist; sourceTree = "<group>"; };
		F3C416EC1B147D430026377A /* getImagesTests.m */ = {isa = PBXFileReference; lastKnownFileType = sourcecode.c.objc; path = getImagesTests.m; sourceTree = "<group>"; };
/* End PBXFileReference section */

/* Begin PBXFrameworksBuildPhase section */
		F3C416CA1B147D430026377A /* Frameworks */ = {
			isa = PBXFrameworksBuildPhase;
			buildActionMask = 2147483647;
			files = (
			);
			runOnlyForDeploymentPostprocessing = 0;
		};
		F3C416E31B147D430026377A /* Frameworks */ = {
			isa = PBXFrameworksBuildPhase;
			buildActionMask = 2147483647;
			files = (
			);
			runOnlyForDeploymentPostprocessing = 0;
		};
/* End PBXFrameworksBuildPhase section */

/* Begin PBXGroup section */
		F3C416C41B147D430026377A = {
			isa = PBXGroup;
			children = (
				F3C416CF1B147D430026377A /* getImages */,
				F3C416E91B147D430026377A /* getImagesTests */,
				F3C416CE1B147D430026377A /* Products */,
			);
			sourceTree = "<group>";
		};
		F3C416CE1B147D430026377A /* Products */ = {
			isa = PBXGroup;
			children = (
				F3C416CD1B147D430026377A /* getImages.app */,
				F3C416E61B147D430026377A /* getImagesTests.xctest */,
			);
			name = Products;
			sourceTree = "<group>";
		};
		F3C416CF1B147D430026377A /* getImages */ = {
			isa = PBXGroup;
			children = (
				F3C416D41B147D430026377A /* AppDelegate.h */,
				F3C416D51B147D430026377A /* AppDelegate.m */,
				F3C416D71B147D430026377A /* ViewController.h */,
				F3C416D81B147D430026377A /* ViewController.m */,
				F3C416DA1B147D430026377A /* Main.storyboard */,
				F3C416DD1B147D430026377A /* Images.xcassets */,
				F3C416DF1B147D430026377A /* LaunchScreen.xib */,
				F3C416D01B147D430026377A /* Supporting Files */,
			);
			path = getImages;
			sourceTree = "<group>";
		};
		F3C416D01B147D430026377A /* Supporting Files */ = {
			isa = PBXGroup;
			children = (
				F3C416D11B147D430026377A /* Info.plist */,
				F3C416D21B147D430026377A /* main.m */,
			);
			name = "Supporting Files";
			sourceTree = "<group>";
		};
		F3C416E91B147D430026377A /* getImagesTests */ = {
			isa = PBXGroup;
			children = (
				F3C416EC1B147D430026377A /* getImagesTests.m */,
				F3C416EA1B147D430026377A /* Supporting Files */,
			);
			path = getImagesTests;
			sourceTree = "<group>";
		};
		F3C416EA1B147D430026377A /* Supporting Files */ = {
			isa = PBXGroup;
			children = (
				F3C416EB1B147D430026377A /* Info.plist */,
			);
			name = "Supporting Files";
			sourceTree = "<group>";
		};
/* End PBXGroup section */

/* Begin PBXNativeTarget section */
		F3C416CC1B147D430026377A /* getImages */ = {
			isa = PBXNativeTarget;
			buildConfigurationList = F3C416F01B147D430026377A /* Build configuration list for PBXNativeTarget "getImages" */;
			buildPhases = (
				F3C416C91B147D430026377A /* Sources */,
				F3C416CA1B147D430026377A /* Frameworks */,
				F3C416CB1B147D430026377A /* Resources */,
			);
			buildRules = (
			);
			dependencies = (
			);
			name = getImages;
			productName = getImages;
			productReference = F3C416CD1B147D430026377A /* getImages.app */;
			productType = "com.apple.product-type.application";
		};
		F3C416E51B147D430026377A /* getImagesTests */ = {
			isa = PBXNativeTarget;
			buildConfigurationList = F3C416F31B147D430026377A /* Build configuration list for PBXNativeTarget "getImagesTests" */;
			buildPhases = (
				F3C416E21B147D430026377A /* Sources */,
				F3C416E31B147D430026377A /* Frameworks */,
				F3C416E41B147D430026377A /* Resources */,
			);
			buildRules = (
			);
			dependencies = (
				F3C416E81B147D430026377A /* PBXTargetDependency */,
			);
			name = getImagesTests;
			productName = getImagesTests;
			productReference = F3C416E61B147D430026377A /* getImagesTests.xctest */;
			productType = "com.apple.product-type.bundle.unit-test";
		};
/* End PBXNativeTarget section */

/* Begin PBXProject section */
		F3C416C51B147D430026377A /* Project object */ = {
			isa = PBXProject;
			attributes = {
				LastUpgradeCheck = 0610;
				ORGANIZATIONNAME = "Shubham Singh";
				TargetAttributes = {
					F3C416CC1B147D430026377A = {
						CreatedOnToolsVersion = 6.1.1;
					};
					F3C416E51B147D430026377A = {
						CreatedOnToolsVersion = 6.1.1;
						TestTargetID = F3C416CC1B147D430026377A;
					};
				};
			};
			buildConfigurationList = F3C416C81B147D430026377A /* Build configuration list for PBXProject "getImages" */;
			compatibilityVersion = "Xcode 3.2";
			developmentRegion = English;
			hasScannedForEncodings = 0;
			knownRegions = (
				en,
				Base,
			);
			mainGroup = F3C416C41B147D430026377A;
			productRefGroup = F3C416CE1B147D430026377A /* Products */;
			projectDirPath = "";
			projectRoot = "";
			targets = (
				F3C416CC1B147D430026377A /* getImages */,
				F3C416E51B147D430026377A /* getImagesTests */,
			);
		};
/* End PBXProject section */

/* Begin PBXResourcesBuildPhase section */
		F3C416CB1B147D430026377A /* Resources */ = {
			isa = PBXResourcesBuildPhase;
			buildActionMask = 2147483647;
			files = (
				F3C416DC1B147D430026377A /* Main.storyboard in Resources */,
				F3C416E11B147D430026377A /* LaunchScreen.xib in Resources */,
				F3C416DE1B147D430026377A /* Images.xcassets in Resources */,
			);
			runOnlyForDeploymentPostprocessing = 0;
		};
		F3C416E41B147D430026377A /* Resources */ = {
			isa = PBXResourcesBuildPhase;
			buildActionMask = 2147483647;
			files = (
			);
			runOnlyForDeploymentPostprocessing = 0;
		};
/* End PBXResourcesBuildPhase section */

/* Begin PBXSourcesBuildPhase section */
		F3C416C91B147D430026377A /* Sources */ = {
			isa = PBXSourcesBuildPhase;
			buildActionMask = 2147483647;
			files = (
				F3C416D91B147D430026377A /* ViewController.m in Sources */,
				F3C416D61B147D430026377A /* AppDelegate.m in Sources */,
				F3C416D31B147D430026377A /* main.m in Sources */,
			);
			runOnlyForDeploymentPostprocessing = 0;
		};
		F3C416E21B147D430026377A /* Sources */ = {
			isa = PBXSourcesBuildPhase;
			buildActionMask = 2147483647;
			files = (
				F3C416ED1B147D430026377A /* getImagesTests.m in Sources */,
			);
			runOnlyForDeploymentPostprocessing = 0;
		};
/* End PBXSourcesBuildPhase section */

/* Begin PBXTargetDependency section */
		F3C416E81B147D430026377A /* PBXTargetDependency */ = {
			isa = PBXTargetDependency;
			target = F3C416CC1B147D430026377A /* getImages */;
			targetProxy = F3C416E71B147D430026377A /* PBXContainerItemProxy */;
		};
/* End PBXTargetDependency section */

/* Begin PBXVariantGroup section */
		F3C416DA1B147D430026377A /* Main.storyboard */ = {
			isa = PBXVariantGroup;
			children = (
				F3C416DB1B147D430026377A /* Base */,
			);
			name = Main.storyboard;
			sourceTree = "<group>";
		};
		F3C416DF1B147D430026377A /* LaunchScreen.xib */ = {
			isa = PBXVariantGroup;
			children = (
				F3C416E01B147D430026377A /* Base */,
			);
			name = LaunchScreen.xib;
			sourceTree = "<group>";
		};
/* End PBXVariantGroup section */

/* Begin XCBuildConfiguration section */
		F3C416EE1B147D430026377A /* Debug */ = {
			isa = XCBuildConfiguration;
			buildSettings = {
				ALWAYS_SEARCH_USER_PATHS = NO;
				CLANG_CXX_LANGUAGE_STANDARD = "gnu++0x";
				CLANG_CXX_LIBRARY = "libc++";
				CLANG_ENABLE_MODULES = YES;
				CLANG_ENABLE_OBJC_ARC = YES;
				CLANG_WARN_BOOL_CONVERSION = YES;
				CLANG_WARN_CONSTANT_CONVERSION = YES;
				CLANG_WARN_DIRECT_OBJC_ISA_USAGE = YES_ERROR;
				CLANG_WARN_EMPTY_BODY = YES;
				CLANG_WARN_ENUM_CONVERSION = YES;
				CLANG_WARN_INT_CONVERSION = YES;
				CLANG_WARN_OBJC_ROOT_CLASS = YES_ERROR;
				CLANG_WARN_UNREACHABLE_CODE = YES;
				CLANG_WARN__DUPLICATE_METHOD_MATCH = YES;
				"CODE_SIGN_IDENTITY[sdk=iphoneos*]" = "iPhone Developer";
				COPY_PHASE_STRIP = NO;
				ENABLE_STRICT_OBJC_MSGSEND = YES;
				GCC_C_LANGUAGE_STANDARD = gnu99;
				GCC_DYNAMIC_NO_PIC = NO;
				GCC_OPTIMIZATION_LEVEL = 0;
				GCC_PREPROCESSOR_DEFINITIONS = (
					"DEBUG=1",
					"$(inherited)",
				);
				GCC_SYMBOLS_PRIVATE_EXTERN = NO;
				GCC_WARN_64_TO_32_BIT_CONVERSION = YES;
				GCC_WARN_ABOUT_RETURN_TYPE = YES_ERROR;
				GCC_WARN_UNDECLARED_SELECTOR = YES;
				GCC_WARN_UNINITIALIZED_AUTOS = YES_AGGRESSIVE;
				GCC_WARN_UNUSED_FUNCTION = YES;
				GCC_WARN_UNUSED_VARIABLE = YES;
				IPHONEOS_DEPLOYMENT_TARGET = 8.1;
				MTL_ENABLE_DEBUG_INFO = YES;
				ONLY_ACTIVE_ARCH = YES;
				SDKROOT = iphoneos;
				TARGETED_DEVICE_FAMILY = "1,2";
			};
			name = Debug;
		};
		F3C416EF1B147D430026377A /* Release */ = {
			isa = XCBuildConfiguration;
			buildSettings = {
				ALWAYS_SEARCH_USER_PATHS = NO;
				CLANG_CXX_LANGUAGE_STANDARD = "gnu++0x";
				CLANG_CXX_LIBRARY = "libc++";
				CLANG_ENABLE_MODULES = YES;
				CLANG_ENABLE_OBJC_ARC = YES;
				CLANG_WARN_BOOL_CONVERSION = YES;
				CLANG_WARN_CONSTANT_CONVERSION = YES;
				CLANG_WARN_DIRECT_OBJC_ISA_USAGE = YES_ERROR;
				CLANG_WARN_EMPTY_BODY = YES;
				CLANG_WARN_ENUM_CONVERSION = YES;
				CLANG_WARN_INT_CONVERSION = YES;
				CLANG_WARN_OBJC_ROOT_CLASS = YES_ERROR;
				CLANG_WARN_UNREACHABLE_CODE = YES;
				CLANG_WARN__DUPLICATE_METHOD_MATCH = YES;
				"CODE_SIGN_IDENTITY[sdk=iphoneos*]" = "iPhone Developer";
				COPY_PHASE_STRIP = YES;
				ENABLE_NS_ASSERTIONS = NO;
				ENABLE_STRICT_OBJC_MSGSEND = YES;
				GCC_C_LANGUAGE_STANDARD = gnu99;
				GCC_WARN_64_TO_32_BIT_CONVERSION = YES;
				GCC_WARN_ABOUT_RETURN_TYPE = YES_ERROR;
				GCC_WARN_UNDECLARED_SELECTOR = YES;
				GCC_WARN_UNINITIALIZED_AUTOS = YES_AGGRESSIVE;
				GCC_WARN_UNUSED_FUNCTION = YES;
				GCC_WARN_UNUSED_VARIABLE = YES;
				IPHONEOS_DEPLOYMENT_TARGET = 8.1;
				MTL_ENABLE_DEBUG_INFO = NO;
				SDKROOT = iphoneos;
				TARGETED_DEVICE_FAMILY = "1,2";
				VALIDATE_PRODUCT = YES;
			};
			name = Release;
		};
		F3C416F11B147D430026377A /* Debug */ = {
			isa = XCBuildConfiguration;
			buildSettings = {
				ASSETCATALOG_COMPILER_APPICON_NAME = AppIcon;
				INFOPLIST_FILE = getImages/Info.plist;
				LD_RUNPATH_SEARCH_PATHS = "$(inherited) @executable_path/Frameworks";
				PRODUCT_NAME = "$(TARGET_NAME)";
			};
			name = Debug;
		};
		F3C416F21B147D430026377A /* Release */ = {
			isa = XCBuildConfiguration;
			buildSettings = {
				ASSETCATALOG_COMPILER_APPICON_NAME = AppIcon;
				INFOPLIST_FILE = getImages/Info.plist;
				LD_RUNPATH_SEARCH_PATHS = "$(inherited) @executable_path/Frameworks";
				PRODUCT_NAME = "$(TARGET_NAME)";
			};
			name = Release;
		};
		F3C416F41B147D430026377A /* Debug */ = {
			isa = XCBuildConfiguration;
			buildSettings = {
				BUNDLE_LOADER = "$(TEST_HOST)";
				FRAMEWORK_SEARCH_PATHS = (
					"$(SDKROOT)/Developer/Library/Frameworks",
					"$(inherited)",
				);
				GCC_PREPROCESSOR_DEFINITIONS = (
					"DEBUG=1",
					"$(inherited)",
				);
				INFOPLIST_FILE = getImagesTests/Info.plist;
				LD_RUNPATH_SEARCH_PATHS = "$(inherited) @executable_path/Frameworks @loader_path/Frameworks";
				PRODUCT_NAME = "$(TARGET_NAME)";
				TEST_HOST = "$(BUILT_PRODUCTS_DIR)/getImages.app/getImages";
			};
			name = Debug;
		};
		F3C416F51B147D430026377A /* Release */ = {
			isa = XCBuildConfiguration;
			buildSettings = {
				BUNDLE_LOADER = "$(TEST_HOST)";
				FRAMEWORK_SEARCH_PATHS = (
					"$(SDKROOT)/Developer/Library/Frameworks",
					"$(inherited)",
				);
				INFOPLIST_FILE = getImagesTests/Info.plist;
				LD_RUNPATH_SEARCH_PATHS = "$(inherited) @executable_path/Frameworks @loader_path/Frameworks";
				PRODUCT_NAME = "$(TARGET_NAME)";
				TEST_HOST = "$(BUILT_PRODUCTS_DIR)/getImages.app/getImages";
			};
			name = Release;
		};
/* End XCBuildConfiguration section */

/* Begin XCConfigurationList section */
		F3C416C81B147D430026377A /* Build configuration list for PBXProject "getImages" */ = {
			isa = XCConfigurationList;
			buildConfigurations = (
				F3C416EE1B147D430026377A /* Debug */,
				F3C416EF1B147D430026377A /* Release */,
			);
			defaultConfigurationIsVisible = 0;
			defaultConfigurationName = Release;
		};
		F3C416F01B147D430026377A /* Build configuration list for PBXNativeTarget "getImages" */ = {
			isa = XCConfigurationList;
			buildConfigurations = (
				F3C416F11B147D430026377A /* Debug */,
				F3C416F21B147D430026377A /* Release */,
			);
			defaultConfigurationIsVisible = 0;
		};
		F3C416F31B147D430026377A /* Build configuration list for PBXNativeTarget "getImagesTests" */ = {
			isa = XCConfigurationList;
			buildConfigurations = (
				F3C416F41B147D430026377A /* Debug */,
				F3C416F51B147D430026377A /* Release */,
			);
			defaultConfigurationIsVisible = 0;
		};
/* End XCConfigurationList section */
	};
	rootObject = F3C416C51B147D430026377A /* Project object */;
}
